// !$*UTF8*$!
{
	archiveVersion = 1;
	classes = {
	};
	objectVersion = 50;
	objects = {

/* Begin PBXBuildFile section */
		DF092BF725F76E5700ECFC1A /* TextViewCell.swift in Sources */ = {isa = PBXBuildFile; fileRef = DF092BF625F76E5700ECFC1A /* TextViewCell.swift */; };
		DF092BFA25F76E9F00ECFC1A /* SwitchCell.swift in Sources */ = {isa = PBXBuildFile; fileRef = DF092BF925F76E9F00ECFC1A /* SwitchCell.swift */; };
		DF092BFE25F76F7400ECFC1A /* DatePickerCell.swift in Sources */ = {isa = PBXBuildFile; fileRef = DF092BFD25F76F7400ECFC1A /* DatePickerCell.swift */; };
		DF19E6B425DA9DA2002544FB /* NormalCell.swift in Sources */ = {isa = PBXBuildFile; fileRef = DF19E6B225DA9DA2002544FB /* NormalCell.swift */; };
		DF19E6B525DA9DA2002544FB /* NormalCell.xib in Resources */ = {isa = PBXBuildFile; fileRef = DF19E6B325DA9DA2002544FB /* NormalCell.xib */; };
		DF4631EB25E8BD8B008B5FFB /* TodoListTableFooterView.xib in Resources */ = {isa = PBXBuildFile; fileRef = DF4631EA25E8BD8B008B5FFB /* TodoListTableFooterView.xib */; };
		DF4631EF25E8BFAE008B5FFB /* TodoListTableFooterView.swift in Sources */ = {isa = PBXBuildFile; fileRef = DF4631EE25E8BFAE008B5FFB /* TodoListTableFooterView.swift */; };
		DF54651025E3D87A00B6E2F4 /* CardBoardView.xib in Resources */ = {isa = PBXBuildFile; fileRef = DF54650F25E3D87A00B6E2F4 /* CardBoardView.xib */; };
		DF54651325E3DA0300B6E2F4 /* CardBoardView.swift in Sources */ = {isa = PBXBuildFile; fileRef = DF54651225E3DA0300B6E2F4 /* CardBoardView.swift */; };
		DF5F663B25F9DD0D00D587B3 /* UpcomingView.xib in Resources */ = {isa = PBXBuildFile; fileRef = DF5F663A25F9DD0D00D587B3 /* UpcomingView.xib */; };
		DF5F663E25F9DD2700D587B3 /* UpcomingView.swift in Sources */ = {isa = PBXBuildFile; fileRef = DF5F663D25F9DD2700D587B3 /* UpcomingView.swift */; };
		DF7807AF25DFEE16008EAE7F /* MainPageViewController.swift in Sources */ = {isa = PBXBuildFile; fileRef = DF7807AE25DFEE16008EAE7F /* MainPageViewController.swift */; };
		DF7CFC9B25E7E80700C389B4 /* TodoListViewController.swift in Sources */ = {isa = PBXBuildFile; fileRef = DF7CFC9A25E7E80700C389B4 /* TodoListViewController.swift */; };
		DF878C2225FA56FB00E88DD4 /* TestViewController.swift in Sources */ = {isa = PBXBuildFile; fileRef = DF878C2125FA56FB00E88DD4 /* TestViewController.swift */; };
		DF8A2CF125E51082009417C6 /* TodoDAO.swift in Sources */ = {isa = PBXBuildFile; fileRef = DF8A2CF025E51082009417C6 /* TodoDAO.swift */; };
		DF8E09D225DA7ADD005B5755 /* AppDelegate.swift in Sources */ = {isa = PBXBuildFile; fileRef = DF8E09D125DA7ADD005B5755 /* AppDelegate.swift */; };
		DF8E09D425DA7ADD005B5755 /* SceneDelegate.swift in Sources */ = {isa = PBXBuildFile; fileRef = DF8E09D325DA7ADD005B5755 /* SceneDelegate.swift */; };
		DF8E09D625DA7ADD005B5755 /* ViewController.swift in Sources */ = {isa = PBXBuildFile; fileRef = DF8E09D525DA7ADD005B5755 /* ViewController.swift */; };
		DF8E09D925DA7ADD005B5755 /* Main.storyboard in Resources */ = {isa = PBXBuildFile; fileRef = DF8E09D725DA7ADD005B5755 /* Main.storyboard */; };
		DF8E09DC25DA7ADD005B5755 /* Todo.xcdatamodeld in Sources */ = {isa = PBXBuildFile; fileRef = DF8E09DA25DA7ADD005B5755 /* Todo.xcdatamodeld */; };
		DF8E09DE25DA7ADE005B5755 /* Assets.xcassets in Resources */ = {isa = PBXBuildFile; fileRef = DF8E09DD25DA7ADE005B5755 /* Assets.xcassets */; };
		DF8E09E125DA7ADE005B5755 /* LaunchScreen.storyboard in Resources */ = {isa = PBXBuildFile; fileRef = DF8E09DF25DA7ADE005B5755 /* LaunchScreen.storyboard */; };
		DF8E09ED25DA7B7C005B5755 /* TodoData.swift in Sources */ = {isa = PBXBuildFile; fileRef = DF8E09EC25DA7B7C005B5755 /* TodoData.swift */; };
		DF8E09FD25DA922E005B5755 /* disclosure_open.png in Resources */ = {isa = PBXBuildFile; fileRef = DF8E09F825DA922E005B5755 /* disclosure_open.png */; };
		DF8E09FE25DA922E005B5755 /* disclosure_close.png in Resources */ = {isa = PBXBuildFile; fileRef = DF8E09F925DA922E005B5755 /* disclosure_close.png */; };
		DF8E09FF25DA922E005B5755 /* unclick.png in Resources */ = {isa = PBXBuildFile; fileRef = DF8E09FA25DA922E005B5755 /* unclick.png */; };
		DF8E0A0025DA922E005B5755 /* add.png in Resources */ = {isa = PBXBuildFile; fileRef = DF8E09FB25DA922E005B5755 /* add.png */; };
		DF8E0A0125DA922E005B5755 /* click.png in Resources */ = {isa = PBXBuildFile; fileRef = DF8E09FC25DA922E005B5755 /* click.png */; };
		DF92A7C125F751D40032DA0C /* TodoDetailViewController.swift in Sources */ = {isa = PBXBuildFile; fileRef = DF92A7C025F751D40032DA0C /* TodoDetailViewController.swift */; };
		DFA6E85325FBAB9400FF822A /* FullScreenViewController.swift in Sources */ = {isa = PBXBuildFile; fileRef = DFA6E85225FBAB9400FF822A /* FullScreenViewController.swift */; };
		DFB4079725E677F500BF79BA /* AddCatalogViewController.swift in Sources */ = {isa = PBXBuildFile; fileRef = DFB4079625E677F500BF79BA /* AddCatalogViewController.swift */; };
		DFF18D4825EBDE9400CA777E /* BasicCell.swift in Sources */ = {isa = PBXBuildFile; fileRef = DFF18D4625EBDE9400CA777E /* BasicCell.swift */; };
		DFF18D4925EBDE9400CA777E /* BasicCell.xib in Resources */ = {isa = PBXBuildFile; fileRef = DFF18D4725EBDE9400CA777E /* BasicCell.xib */; };
		DFF18D4D25EBE0A500CA777E /* MemoCell.swift in Sources */ = {isa = PBXBuildFile; fileRef = DFF18D4B25EBE0A500CA777E /* MemoCell.swift */; };
		DFF18D4E25EBE0A500CA777E /* MemoCell.xib in Resources */ = {isa = PBXBuildFile; fileRef = DFF18D4C25EBE0A500CA777E /* MemoCell.xib */; };
		DFF18D5325EBE4C000CA777E /* NewCellTestViewController.swift in Sources */ = {isa = PBXBuildFile; fileRef = DFF18D5225EBE4C000CA777E /* NewCellTestViewController.swift */; };
/* End PBXBuildFile section */

/* Begin PBXFileReference section */
		DF092BF625F76E5700ECFC1A /* TextViewCell.swift */ = {isa = PBXFileReference; lastKnownFileType = sourcecode.swift; path = TextViewCell.swift; sourceTree = "<group>"; };
		DF092BF925F76E9F00ECFC1A /* SwitchCell.swift */ = {isa = PBXFileReference; lastKnownFileType = sourcecode.swift; path = SwitchCell.swift; sourceTree = "<group>"; };
		DF092BFD25F76F7400ECFC1A /* DatePickerCell.swift */ = {isa = PBXFileReference; lastKnownFileType = sourcecode.swift; path = DatePickerCell.swift; sourceTree = "<group>"; };
		DF19E6B225DA9DA2002544FB /* NormalCell.swift */ = {isa = PBXFileReference; lastKnownFileType = sourcecode.swift; path = NormalCell.swift; sourceTree = "<group>"; };
		DF19E6B325DA9DA2002544FB /* NormalCell.xib */ = {isa = PBXFileReference; lastKnownFileType = file.xib; path = NormalCell.xib; sourceTree = "<group>"; };
		DF4631EA25E8BD8B008B5FFB /* TodoListTableFooterView.xib */ = {isa = PBXFileReference; lastKnownFileType = file.xib; path = TodoListTableFooterView.xib; sourceTree = "<group>"; };
		DF4631EE25E8BFAE008B5FFB /* TodoListTableFooterView.swift */ = {isa = PBXFileReference; lastKnownFileType = sourcecode.swift; path = TodoListTableFooterView.swift; sourceTree = "<group>"; };
		DF54650F25E3D87A00B6E2F4 /* CardBoardView.xib */ = {isa = PBXFileReference; lastKnownFileType = file.xib; path = CardBoardView.xib; sourceTree = "<group>"; };
		DF54651225E3DA0300B6E2F4 /* CardBoardView.swift */ = {isa = PBXFileReference; lastKnownFileType = sourcecode.swift; path = CardBoardView.swift; sourceTree = "<group>"; };
		DF5F663A25F9DD0D00D587B3 /* UpcomingView.xib */ = {isa = PBXFileReference; lastKnownFileType = file.xib; path = UpcomingView.xib; sourceTree = "<group>"; };
		DF5F663D25F9DD2700D587B3 /* UpcomingView.swift */ = {isa = PBXFileReference; lastKnownFileType = sourcecode.swift; path = UpcomingView.swift; sourceTree = "<group>"; };
		DF7807AE25DFEE16008EAE7F /* MainPageViewController.swift */ = {isa = PBXFileReference; lastKnownFileType = sourcecode.swift; path = MainPageViewController.swift; sourceTree = "<group>"; };
		DF7CFC9A25E7E80700C389B4 /* TodoListViewController.swift */ = {isa = PBXFileReference; lastKnownFileType = sourcecode.swift; path = TodoListViewController.swift; sourceTree = "<group>"; };
		DF878C2125FA56FB00E88DD4 /* TestViewController.swift */ = {isa = PBXFileReference; lastKnownFileType = sourcecode.swift; path = TestViewController.swift; sourceTree = "<group>"; };
		DF8A2CF025E51082009417C6 /* TodoDAO.swift */ = {isa = PBXFileReference; lastKnownFileType = sourcecode.swift; path = TodoDAO.swift; sourceTree = "<group>"; };
		DF8E09CE25DA7ADD005B5755 /* Todo.app */ = {isa = PBXFileReference; explicitFileType = wrapper.application; includeInIndex = 0; path = Todo.app; sourceTree = BUILT_PRODUCTS_DIR; };
		DF8E09D125DA7ADD005B5755 /* AppDelegate.swift */ = {isa = PBXFileReference; lastKnownFileType = sourcecode.swift; path = AppDelegate.swift; sourceTree = "<group>"; };
		DF8E09D325DA7ADD005B5755 /* SceneDelegate.swift */ = {isa = PBXFileReference; lastKnownFileType = sourcecode.swift; path = SceneDelegate.swift; sourceTree = "<group>"; };
		DF8E09D525DA7ADD005B5755 /* ViewController.swift */ = {isa = PBXFileReference; lastKnownFileType = sourcecode.swift; path = ViewController.swift; sourceTree = "<group>"; };
		DF8E09D825DA7ADD005B5755 /* Base */ = {isa = PBXFileReference; lastKnownFileType = file.storyboard; name = Base; path = Base.lproj/Main.storyboard; sourceTree = "<group>"; };
		DF8E09DB25DA7ADD005B5755 /* Todo.xcdatamodel */ = {isa = PBXFileReference; lastKnownFileType = wrapper.xcdatamodel; path = Todo.xcdatamodel; sourceTree = "<group>"; };
		DF8E09DD25DA7ADE005B5755 /* Assets.xcassets */ = {isa = PBXFileReference; lastKnownFileType = folder.assetcatalog; path = Assets.xcassets; sourceTree = "<group>"; };
		DF8E09E025DA7ADE005B5755 /* Base */ = {isa = PBXFileReference; lastKnownFileType = file.storyboard; name = Base; path = Base.lproj/LaunchScreen.storyboard; sourceTree = "<group>"; };
		DF8E09E225DA7ADE005B5755 /* Info.plist */ = {isa = PBXFileReference; lastKnownFileType = text.plist.xml; path = Info.plist; sourceTree = "<group>"; };
		DF8E09EC25DA7B7C005B5755 /* TodoData.swift */ = {isa = PBXFileReference; lastKnownFileType = sourcecode.swift; path = TodoData.swift; sourceTree = "<group>"; };
		DF8E09F825DA922E005B5755 /* disclosure_open.png */ = {isa = PBXFileReference; lastKnownFileType = image.png; path = disclosure_open.png; sourceTree = "<group>"; };
		DF8E09F925DA922E005B5755 /* disclosure_close.png */ = {isa = PBXFileReference; lastKnownFileType = image.png; path = disclosure_close.png; sourceTree = "<group>"; };
		DF8E09FA25DA922E005B5755 /* unclick.png */ = {isa = PBXFileReference; lastKnownFileType = image.png; path = unclick.png; sourceTree = "<group>"; };
		DF8E09FB25DA922E005B5755 /* add.png */ = {isa = PBXFileReference; lastKnownFileType = image.png; path = add.png; sourceTree = "<group>"; };
		DF8E09FC25DA922E005B5755 /* click.png */ = {isa = PBXFileReference; lastKnownFileType = image.png; path = click.png; sourceTree = "<group>"; };
		DF92A7C025F751D40032DA0C /* TodoDetailViewController.swift */ = {isa = PBXFileReference; lastKnownFileType = sourcecode.swift; path = TodoDetailViewController.swift; sourceTree = "<group>"; };
		DFA6E85225FBAB9400FF822A /* FullScreenViewController.swift */ = {isa = PBXFileReference; lastKnownFileType = sourcecode.swift; path = FullScreenViewController.swift; sourceTree = "<group>"; };
		DFB4079625E677F500BF79BA /* AddCatalogViewController.swift */ = {isa = PBXFileReference; lastKnownFileType = sourcecode.swift; path = AddCatalogViewController.swift; sourceTree = "<group>"; };
		DFF18D4625EBDE9400CA777E /* BasicCell.swift */ = {isa = PBXFileReference; lastKnownFileType = sourcecode.swift; path = BasicCell.swift; sourceTree = "<group>"; };
		DFF18D4725EBDE9400CA777E /* BasicCell.xib */ = {isa = PBXFileReference; lastKnownFileType = file.xib; path = BasicCell.xib; sourceTree = "<group>"; };
		DFF18D4B25EBE0A500CA777E /* MemoCell.swift */ = {isa = PBXFileReference; lastKnownFileType = sourcecode.swift; path = MemoCell.swift; sourceTree = "<group>"; };
		DFF18D4C25EBE0A500CA777E /* MemoCell.xib */ = {isa = PBXFileReference; lastKnownFileType = file.xib; path = MemoCell.xib; sourceTree = "<group>"; };
		DFF18D5225EBE4C000CA777E /* NewCellTestViewController.swift */ = {isa = PBXFileReference; lastKnownFileType = sourcecode.swift; path = NewCellTestViewController.swift; sourceTree = "<group>"; };
/* End PBXFileReference section */

/* Begin PBXFrameworksBuildPhase section */
		DF8E09CB25DA7ADD005B5755 /* Frameworks */ = {
			isa = PBXFrameworksBuildPhase;
			buildActionMask = 2147483647;
			files = (
			);
			runOnlyForDeploymentPostprocessing = 0;
		};
/* End PBXFrameworksBuildPhase section */

/* Begin PBXGroup section */
		DF4631F125E8BFB7008B5FFB /* TodoListFooterView */ = {
			isa = PBXGroup;
			children = (
				DF4631EA25E8BD8B008B5FFB /* TodoListTableFooterView.xib */,
				DF4631EE25E8BFAE008B5FFB /* TodoListTableFooterView.swift */,
			);
			path = TodoListFooterView;
			sourceTree = "<group>";
		};
		DF4631F325E8C00B008B5FFB /* Cells */ = {
			isa = PBXGroup;
			children = (
				DF092BF625F76E5700ECFC1A /* TextViewCell.swift */,
				DF092BF925F76E9F00ECFC1A /* SwitchCell.swift */,
				DF19E6B225DA9DA2002544FB /* NormalCell.swift */,
				DF19E6B325DA9DA2002544FB /* NormalCell.xib */,
				DFF18D4625EBDE9400CA777E /* BasicCell.swift */,
				DFF18D4725EBDE9400CA777E /* BasicCell.xib */,
				DFF18D4B25EBE0A500CA777E /* MemoCell.swift */,
				DF092BFD25F76F7400ECFC1A /* DatePickerCell.swift */,
				DFF18D4C25EBE0A500CA777E /* MemoCell.xib */,
			);
			path = Cells;
			sourceTree = "<group>";
		};
		DF5F663925F9DCE700D587B3 /* UpcomingView */ = {
			isa = PBXGroup;
			children = (
				DF5F663A25F9DD0D00D587B3 /* UpcomingView.xib */,
				DF5F663D25F9DD2700D587B3 /* UpcomingView.swift */,
			);
			path = UpcomingView;
			sourceTree = "<group>";
		};
		DF631B3425E50E9B00DAD0F1 /* CardBoardView */ = {
			isa = PBXGroup;
			children = (
				DF54650F25E3D87A00B6E2F4 /* CardBoardView.xib */,
				DF54651225E3DA0300B6E2F4 /* CardBoardView.swift */,
			);
			path = CardBoardView;
			sourceTree = "<group>";
		};
		DF8E09C525DA7ADD005B5755 = {
			isa = PBXGroup;
			children = (
				DF878C2125FA56FB00E88DD4 /* TestViewController.swift */,
				DF8E09F725DA9223005B5755 /* Resources */,
				DF8E09D025DA7ADD005B5755 /* Todo */,
				DF8E09CF25DA7ADD005B5755 /* Products */,
			);
			sourceTree = "<group>";
		};
		DF8E09CF25DA7ADD005B5755 /* Products */ = {
			isa = PBXGroup;
			children = (
				DF8E09CE25DA7ADD005B5755 /* Todo.app */,
			);
			name = Products;
			sourceTree = "<group>";
		};
		DF8E09D025DA7ADD005B5755 /* Todo */ = {
			isa = PBXGroup;
			children = (
				DF5F663925F9DCE700D587B3 /* UpcomingView */,
				DF631B3425E50E9B00DAD0F1 /* CardBoardView */,
				DF4631F125E8BFB7008B5FFB /* TodoListFooterView */,
				DF4631F325E8C00B008B5FFB /* Cells */,
				DFB4079625E677F500BF79BA /* AddCatalogViewController.swift */,
				DF8E09D125DA7ADD005B5755 /* AppDelegate.swift */,
				DF7807AE25DFEE16008EAE7F /* MainPageViewController.swift */,
				DF8E09D325DA7ADD005B5755 /* SceneDelegate.swift */,
				DF8E09D525DA7ADD005B5755 /* ViewController.swift */,
				DF92A7C025F751D40032DA0C /* TodoDetailViewController.swift */,
				DF7CFC9A25E7E80700C389B4 /* TodoListViewController.swift */,
				DF8E09EC25DA7B7C005B5755 /* TodoData.swift */,
				DF8A2CF025E51082009417C6 /* TodoDAO.swift */,
				DF8E09D725DA7ADD005B5755 /* Main.storyboard */,
				DFA6E85225FBAB9400FF822A /* FullScreenViewController.swift */,
				DFF18D5225EBE4C000CA777E /* NewCellTestViewController.swift */,
				DF8E09DD25DA7ADE005B5755 /* Assets.xcassets */,
				DF8E09DF25DA7ADE005B5755 /* LaunchScreen.storyboard */,
				DF8E09E225DA7ADE005B5755 /* Info.plist */,
				DF8E09DA25DA7ADD005B5755 /* Todo.xcdatamodeld */,
			);
			path = Todo;
			sourceTree = "<group>";
		};
		DF8E09F725DA9223005B5755 /* Resources */ = {
			isa = PBXGroup;
			children = (
				DF8E09FB25DA922E005B5755 /* add.png */,
				DF8E09FC25DA922E005B5755 /* click.png */,
				DF8E09F925DA922E005B5755 /* disclosure_close.png */,
				DF8E09F825DA922E005B5755 /* disclosure_open.png */,
				DF8E09FA25DA922E005B5755 /* unclick.png */,
			);
			path = Resources;
			sourceTree = "<group>";
		};
/* End PBXGroup section */

/* Begin PBXNativeTarget section */
		DF8E09CD25DA7ADD005B5755 /* Todo */ = {
			isa = PBXNativeTarget;
			buildConfigurationList = DF8E09E525DA7ADE005B5755 /* Build configuration list for PBXNativeTarget "Todo" */;
			buildPhases = (
				DF8E09CA25DA7ADD005B5755 /* Sources */,
				DF8E09CB25DA7ADD005B5755 /* Frameworks */,
				DF8E09CC25DA7ADD005B5755 /* Resources */,
			);
			buildRules = (
			);
			dependencies = (
			);
			name = Todo;
			productName = Todo;
			productReference = DF8E09CE25DA7ADD005B5755 /* Todo.app */;
			productType = "com.apple.product-type.application";
		};
/* End PBXNativeTarget section */

/* Begin PBXProject section */
		DF8E09C625DA7ADD005B5755 /* Project object */ = {
			isa = PBXProject;
			attributes = {
				LastSwiftUpdateCheck = 1240;
				LastUpgradeCheck = 1240;
				TargetAttributes = {
					DF8E09CD25DA7ADD005B5755 = {
						CreatedOnToolsVersion = 12.4;
					};
				};
			};
			buildConfigurationList = DF8E09C925DA7ADD005B5755 /* Build configuration list for PBXProject "Todo" */;
			compatibilityVersion = "Xcode 9.3";
			developmentRegion = en;
			hasScannedForEncodings = 0;
			knownRegions = (
				en,
				Base,
			);
			mainGroup = DF8E09C525DA7ADD005B5755;
			productRefGroup = DF8E09CF25DA7ADD005B5755 /* Products */;
			projectDirPath = "";
			projectRoot = "";
			targets = (
				DF8E09CD25DA7ADD005B5755 /* Todo */,
			);
		};
/* End PBXProject section */

/* Begin PBXResourcesBuildPhase section */
		DF8E09CC25DA7ADD005B5755 /* Resources */ = {
			isa = PBXResourcesBuildPhase;
			buildActionMask = 2147483647;
			files = (
				DF8E0A0125DA922E005B5755 /* click.png in Resources */,
				DF8E09E125DA7ADE005B5755 /* LaunchScreen.storyboard in Resources */,
				DF8E09DE25DA7ADE005B5755 /* Assets.xcassets in Resources */,
				DF4631EB25E8BD8B008B5FFB /* TodoListTableFooterView.xib in Resources */,
				DFF18D4925EBDE9400CA777E /* BasicCell.xib in Resources */,
				DFF18D4E25EBE0A500CA777E /* MemoCell.xib in Resources */,
				DF8E0A0025DA922E005B5755 /* add.png in Resources */,
				DF19E6B525DA9DA2002544FB /* NormalCell.xib in Resources */,
				DF8E09FE25DA922E005B5755 /* disclosure_close.png in Resources */,
				DF8E09FF25DA922E005B5755 /* unclick.png in Resources */,
				DF8E09D925DA7ADD005B5755 /* Main.storyboard in Resources */,
				DF8E09FD25DA922E005B5755 /* disclosure_open.png in Resources */,
				DF5F663B25F9DD0D00D587B3 /* UpcomingView.xib in Resources */,
				DF54651025E3D87A00B6E2F4 /* CardBoardView.xib in Resources */,
			);
			runOnlyForDeploymentPostprocessing = 0;
		};
/* End PBXResourcesBuildPhase section */

/* Begin PBXSourcesBuildPhase section */
		DF8E09CA25DA7ADD005B5755 /* Sources */ = {
			isa = PBXSourcesBuildPhase;
			buildActionMask = 2147483647;
			files = (
				DF8A2CF125E51082009417C6 /* TodoDAO.swift in Sources */,
				DF92A7C125F751D40032DA0C /* TodoDetailViewController.swift in Sources */,
				DF5F663E25F9DD2700D587B3 /* UpcomingView.swift in Sources */,
				DF7CFC9B25E7E80700C389B4 /* TodoListViewController.swift in Sources */,
				DF19E6B425DA9DA2002544FB /* NormalCell.swift in Sources */,
				DF7807AF25DFEE16008EAE7F /* MainPageViewController.swift in Sources */,
				DF4631EF25E8BFAE008B5FFB /* TodoListTableFooterView.swift in Sources */,
				DF878C2225FA56FB00E88DD4 /* TestViewController.swift in Sources */,
				DF092BFE25F76F7400ECFC1A /* DatePickerCell.swift in Sources */,
				DFA6E85325FBAB9400FF822A /* FullScreenViewController.swift in Sources */,
				DFF18D4825EBDE9400CA777E /* BasicCell.swift in Sources */,
				DF8E09D625DA7ADD005B5755 /* ViewController.swift in Sources */,
				DFF18D4D25EBE0A500CA777E /* MemoCell.swift in Sources */,
				DFB4079725E677F500BF79BA /* AddCatalogViewController.swift in Sources */,
				DF8E09D225DA7ADD005B5755 /* AppDelegate.swift in Sources */,
				DF092BFA25F76E9F00ECFC1A /* SwitchCell.swift in Sources */,
				DF54651325E3DA0300B6E2F4 /* CardBoardView.swift in Sources */,
				DF8E09D425DA7ADD005B5755 /* SceneDelegate.swift in Sources */,
				DFF18D5325EBE4C000CA777E /* NewCellTestViewController.swift in Sources */,
				DF8E09DC25DA7ADD005B5755 /* Todo.xcdatamodeld in Sources */,
				DF092BF725F76E5700ECFC1A /* TextViewCell.swift in Sources */,
				DF8E09ED25DA7B7C005B5755 /* TodoData.swift in Sources */,
			);
			runOnlyForDeploymentPostprocessing = 0;
		};
/* End PBXSourcesBuildPhase section */

/* Begin PBXVariantGroup section */
		DF8E09D725DA7ADD005B5755 /* Main.storyboard */ = {
			isa = PBXVariantGroup;
			children = (
				DF8E09D825DA7ADD005B5755 /* Base */,
			);
			name = Main.storyboard;
			sourceTree = "<group>";
		};
		DF8E09DF25DA7ADE005B5755 /* LaunchScreen.storyboard */ = {
			isa = PBXVariantGroup;
			children = (
				DF8E09E025DA7ADE005B5755 /* Base */,
			);
			name = LaunchScreen.storyboard;
			sourceTree = "<group>";
		};
/* End PBXVariantGroup section */

/* Begin XCBuildConfiguration section */
		DF8E09E325DA7ADE005B5755 /* Debug */ = {
			isa = XCBuildConfiguration;
			buildSettings = {
				ALWAYS_SEARCH_USER_PATHS = NO;
				CLANG_ANALYZER_NONNULL = YES;
				CLANG_ANALYZER_NUMBER_OBJECT_CONVERSION = YES_AGGRESSIVE;
				CLANG_CXX_LANGUAGE_STANDARD = "gnu++14";
				CLANG_CXX_LIBRARY = "libc++";
				CLANG_ENABLE_MODULES = YES;
				CLANG_ENABLE_OBJC_ARC = YES;
				CLANG_ENABLE_OBJC_WEAK = YES;
				CLANG_WARN_BLOCK_CAPTURE_AUTORELEASING = YES;
				CLANG_WARN_BOOL_CONVERSION = YES;
				CLANG_WARN_COMMA = YES;
				CLANG_WARN_CONSTANT_CONVERSION = YES;
				CLANG_WARN_DEPRECATED_OBJC_IMPLEMENTATIONS = YES;
				CLANG_WARN_DIRECT_OBJC_ISA_USAGE = YES_ERROR;
				CLANG_WARN_DOCUMENTATION_COMMENTS = YES;
				CLANG_WARN_EMPTY_BODY = YES;
				CLANG_WARN_ENUM_CONVERSION = YES;
				CLANG_WARN_INFINITE_RECURSION = YES;
				CLANG_WARN_INT_CONVERSION = YES;
				CLANG_WARN_NON_LITERAL_NULL_CONVERSION = YES;
				CLANG_WARN_OBJC_IMPLICIT_RETAIN_SELF = YES;
				CLANG_WARN_OBJC_LITERAL_CONVERSION = YES;
				CLANG_WARN_OBJC_ROOT_CLASS = YES_ERROR;
				CLANG_WARN_QUOTED_INCLUDE_IN_FRAMEWORK_HEADER = YES;
				CLANG_WARN_RANGE_LOOP_ANALYSIS = YES;
				CLANG_WARN_STRICT_PROTOTYPES = YES;
				CLANG_WARN_SUSPICIOUS_MOVE = YES;
				CLANG_WARN_UNGUARDED_AVAILABILITY = YES_AGGRESSIVE;
				CLANG_WARN_UNREACHABLE_CODE = YES;
				CLANG_WARN__DUPLICATE_METHOD_MATCH = YES;
				COPY_PHASE_STRIP = NO;
				DEBUG_INFORMATION_FORMAT = dwarf;
				ENABLE_STRICT_OBJC_MSGSEND = YES;
				ENABLE_TESTABILITY = YES;
				GCC_C_LANGUAGE_STANDARD = gnu11;
				GCC_DYNAMIC_NO_PIC = NO;
				GCC_NO_COMMON_BLOCKS = YES;
				GCC_OPTIMIZATION_LEVEL = 0;
				GCC_PREPROCESSOR_DEFINITIONS = (
					"DEBUG=1",
					"$(inherited)",
				);
				GCC_WARN_64_TO_32_BIT_CONVERSION = YES;
				GCC_WARN_ABOUT_RETURN_TYPE = YES_ERROR;
				GCC_WARN_UNDECLARED_SELECTOR = YES;
				GCC_WARN_UNINITIALIZED_AUTOS = YES_AGGRESSIVE;
				GCC_WARN_UNUSED_FUNCTION = YES;
				GCC_WARN_UNUSED_VARIABLE = YES;
				IPHONEOS_DEPLOYMENT_TARGET = 14.4;
				MTL_ENABLE_DEBUG_INFO = INCLUDE_SOURCE;
				MTL_FAST_MATH = YES;
				ONLY_ACTIVE_ARCH = YES;
				SDKROOT = iphoneos;
				SWIFT_ACTIVE_COMPILATION_CONDITIONS = DEBUG;
				SWIFT_OPTIMIZATION_LEVEL = "-Onone";
			};
			name = Debug;
		};
		DF8E09E425DA7ADE005B5755 /* Release */ = {
			isa = XCBuildConfiguration;
			buildSettings = {
				ALWAYS_SEARCH_USER_PATHS = NO;
				CLANG_ANALYZER_NONNULL = YES;
				CLANG_ANALYZER_NUMBER_OBJECT_CONVERSION = YES_AGGRESSIVE;
				CLANG_CXX_LANGUAGE_STANDARD = "gnu++14";
				CLANG_CXX_LIBRARY = "libc++";
				CLANG_ENABLE_MODULES = YES;
				CLANG_ENABLE_OBJC_ARC = YES;
				CLANG_ENABLE_OBJC_WEAK = YES;
				CLANG_WARN_BLOCK_CAPTURE_AUTORELEASING = YES;
				CLANG_WARN_BOOL_CONVERSION = YES;
				CLANG_WARN_COMMA = YES;
				CLANG_WARN_CONSTANT_CONVERSION = YES;
				CLANG_WARN_DEPRECATED_OBJC_IMPLEMENTATIONS = YES;
				CLANG_WARN_DIRECT_OBJC_ISA_USAGE = YES_ERROR;
				CLANG_WARN_DOCUMENTATION_COMMENTS = YES;
				CLANG_WARN_EMPTY_BODY = YES;
				CLANG_WARN_ENUM_CONVERSION = YES;
				CLANG_WARN_INFINITE_RECURSION = YES;
				CLANG_WARN_INT_CONVERSION = YES;
				CLANG_WARN_NON_LITERAL_NULL_CONVERSION = YES;
				CLANG_WARN_OBJC_IMPLICIT_RETAIN_SELF = YES;
				CLANG_WARN_OBJC_LITERAL_CONVERSION = YES;
				CLANG_WARN_OBJC_ROOT_CLASS = YES_ERROR;
				CLANG_WARN_QUOTED_INCLUDE_IN_FRAMEWORK_HEADER = YES;
				CLANG_WARN_RANGE_LOOP_ANALYSIS = YES;
				CLANG_WARN_STRICT_PROTOTYPES = YES;
				CLANG_WARN_SUSPICIOUS_MOVE = YES;
				CLANG_WARN_UNGUARDED_AVAILABILITY = YES_AGGRESSIVE;
				CLANG_WARN_UNREACHABLE_CODE = YES;
				CLANG_WARN__DUPLICATE_METHOD_MATCH = YES;
				COPY_PHASE_STRIP = NO;
				DEBUG_INFORMATION_FORMAT = "dwarf-with-dsym";
				ENABLE_NS_ASSERTIONS = NO;
				ENABLE_STRICT_OBJC_MSGSEND = YES;
				GCC_C_LANGUAGE_STANDARD = gnu11;
				GCC_NO_COMMON_BLOCKS = YES;
				GCC_WARN_64_TO_32_BIT_CONVERSION = YES;
				GCC_WARN_ABOUT_RETURN_TYPE = YES_ERROR;
				GCC_WARN_UNDECLARED_SELECTOR = YES;
				GCC_WARN_UNINITIALIZED_AUTOS = YES_AGGRESSIVE;
				GCC_WARN_UNUSED_FUNCTION = YES;
				GCC_WARN_UNUSED_VARIABLE = YES;
				IPHONEOS_DEPLOYMENT_TARGET = 14.4;
				MTL_ENABLE_DEBUG_INFO = NO;
				MTL_FAST_MATH = YES;
				SDKROOT = iphoneos;
				SWIFT_COMPILATION_MODE = wholemodule;
				SWIFT_OPTIMIZATION_LEVEL = "-O";
				VALIDATE_PRODUCT = YES;
			};
			name = Release;
		};
		DF8E09E625DA7ADE005B5755 /* Debug */ = {
			isa = XCBuildConfiguration;
			buildSettings = {
				ASSETCATALOG_COMPILER_APPICON_NAME = AppIcon;
				ASSETCATALOG_COMPILER_GLOBAL_ACCENT_COLOR_NAME = AccentColor;
				CODE_SIGN_STYLE = Automatic;
				DEVELOPMENT_TEAM = Y3H4VTG2FS;
				INFOPLIST_FILE = Todo/Info.plist;
				LD_RUNPATH_SEARCH_PATHS = (
					"$(inherited)",
					"@executable_path/Frameworks",
				);
				PRODUCT_BUNDLE_IDENTIFIER = com.turu.Todo;
				PRODUCT_NAME = "$(TARGET_NAME)";
				SWIFT_VERSION = 5.0;
				TARGETED_DEVICE_FAMILY = 1;
			};
			name = Debug;
		};
		DF8E09E725DA7ADE005B5755 /* Release */ = {
			isa = XCBuildConfiguration;
			buildSettings = {
				ASSETCATALOG_COMPILER_APPICON_NAME = AppIcon;
				ASSETCATALOG_COMPILER_GLOBAL_ACCENT_COLOR_NAME = AccentColor;
				CODE_SIGN_STYLE = Automatic;
				DEVELOPMENT_TEAM = Y3H4VTG2FS;
				INFOPLIST_FILE = Todo/Info.plist;
				LD_RUNPATH_SEARCH_PATHS = (
					"$(inherited)",
					"@executable_path/Frameworks",
				);
				PRODUCT_BUNDLE_IDENTIFIER = com.turu.Todo;
				PRODUCT_NAME = "$(TARGET_NAME)";
				SWIFT_VERSION = 5.0;
				TARGETED_DEVICE_FAMILY = 1;
			};
			name = Release;
		};
/* End XCBuildConfiguration section */

/* Begin XCConfigurationList section */
		DF8E09C925DA7ADD005B5755 /* Build configuration list for PBXProject "Todo" */ = {
			isa = XCConfigurationList;
			buildConfigurations = (
				DF8E09E325DA7ADE005B5755 /* Debug */,
				DF8E09E425DA7ADE005B5755 /* Release */,
			);
			defaultConfigurationIsVisible = 0;
			defaultConfigurationName = Release;
		};
		DF8E09E525DA7ADE005B5755 /* Build configuration list for PBXNativeTarget "Todo" */ = {
			isa = XCConfigurationList;
			buildConfigurations = (
				DF8E09E625DA7ADE005B5755 /* Debug */,
				DF8E09E725DA7ADE005B5755 /* Release */,
			);
			defaultConfigurationIsVisible = 0;
			defaultConfigurationName = Release;
		};
/* End XCConfigurationList section */

/* Begin XCVersionGroup section */
		DF8E09DA25DA7ADD005B5755 /* Todo.xcdatamodeld */ = {
			isa = XCVersionGroup;
			children = (
				DF8E09DB25DA7ADD005B5755 /* Todo.xcdatamodel */,
			);
			currentVersion = DF8E09DB25DA7ADD005B5755 /* Todo.xcdatamodel */;
			path = Todo.xcdatamodeld;
			sourceTree = "<group>";
			versionGroupType = wrapper.xcdatamodel;
		};
/* End XCVersionGroup section */
	};
	rootObject = DF8E09C625DA7ADD005B5755 /* Project object */;
}
